PODS:
  - CocoaAsyncSocket (7.4.3):
    - CocoaAsyncSocket/All (= 7.4.3)
  - CocoaAsyncSocket/All (7.4.3):
    - CocoaAsyncSocket/GCD
    - CocoaAsyncSocket/RunLoop
  - CocoaAsyncSocket/GCD (7.4.3)
  - CocoaAsyncSocket/RunLoop (7.4.3)
  - GPUImage (0.1.7)
  - iOS-MagnifyingGlass (0.0.2)
  - JHChainableAnimations (1.3.0)
  - Masonry (1.0.1)
  - MJRefresh (3.1.10)
  - Ono (1.2.2)
  - Realm (0.102.0):
    - Realm/Headers (= 0.102.0)
  - Realm/Headers (0.102.0)
  - SDAutoLayout (2.1.3)
  - SDCycleScrollView (1.64):
    - SDWebImage (~> 3.7)
  - SDWebImage (3.7.6):
    - SDWebImage/Core (= 3.7.6)
  - SDWebImage/Core (3.7.6)
  - SocketRocket (0.5.1)
  - SYStickHeaderWaterFall (0.0.2)
  - UITableView+FDTemplateLayoutCell (1.4)
  - WeexSDK (0.8.0)
  - ZipArchive (1.4.0)

DEPENDENCIES:
  - CocoaAsyncSocket (~> 7.4.3)
  - GPUImage (~> 0.1.7)
  - iOS-MagnifyingGlass (~> 0.0.2)
  - JHChainableAnimations (~> 1.3.0)
  - Masonry (~> 1.0.1)
  - MJRefresh (~> 3.1.10)
  - Ono (~> 1.2.2)
  - Realm (<= 0.102.0)
  - SDAutoLayout (~> 2.1.3)
  - SDCycleScrollView (~> 1.64)
  - SDWebImage (~> 3.7.6)
  - SocketRocket (~> 0.5.1)
  - SYStickHeaderWaterFall (~> 0.0.2)
  - UITableView+FDTemplateLayoutCell (~> 1.4)
  - WeexSDK (from `../../../../../../projects/comm/external/weex/sdk`)
  - ZipArchive (~> 1.4.0)

EXTERNAL SOURCES:
  WeexSDK:
    :path: ../../../../../../projects/comm/external/weex/sdk

SPEC CHECKSUMS:
  CocoaAsyncSocket: a18c75dca4b08723628a0bacca6e94803d90be91
  GPUImage: 733a5f0fab92df9de1c37ba9df520a833ccb406d
  iOS-MagnifyingGlass: b11b7d3e8be7de22c85f0edcaa75538bdf0827dc
  JHChainableAnimations: 22085fcb04ca87349e584573558e637f659fd769
  Masonry: a1a931a0d08870ed8ae415a2ea5ea68ebcac77df
  MJRefresh: bb72948c985914b0b5cecac573a2c69a8915fb02
  Ono: 80b1c686777d3f6d5d5ce6fcac8a74afef4ca197
  Realm: 5d219f9037e3ec2019c599b8227bfc95433cb10e
  SDAutoLayout: ddf39b38dbd793a4802c8feb6429096aea4aa658
  SDCycleScrollView: 806fedb9342ab03b58b84442f985517b42c7cbb7
  SDWebImage: c325cf02c30337336b95beff20a13df489ec0ec9
  SocketRocket: d57c7159b83c3c6655745cd15302aa24b6bae531
  SYStickHeaderWaterFall: 6fea7e6705d7b8b1f366912ac5e4e05a1aac7f00
  UITableView+FDTemplateLayoutCell: 234e1582bcc4e18461af91155123bb96538ed030
  WeexSDK: 1c33583fd85f5448012966f165dbe5e5a56dd38e
  ZipArchive: e25a4373192673e3229ac8d6e9f64a3e5713c966

PODFILE CHECKSUM: e4bab41fe7132b057accd49d8a44893e432e03d9

COCOAPODS: 1.0.0
