PODS:
  - AFNetworking (2.6.3):
    - AFNetworking/NSURLConnection (= 2.6.3)
    - AFNetworking/NSURLSession (= 2.6.3)
    - AFNetworking/Reachability (= 2.6.3)
    - AFNetworking/Security (= 2.6.3)
    - AFNetworking/Serialization (= 2.6.3)
    - AFNetworking/UIKit (= 2.6.3)
  - AFNetworking/NSURLConnection (2.6.3):
    - AFNetworking/Reachability
    - AFNetworking/Security
    - AFNetworking/Serialization
  - AFNetworking/NSURLSession (2.6.3):
    - AFNetworking/Reachability
    - AFNetworking/Security
    - AFNetworking/Serialization
  - AFNetworking/Reachability (2.6.3)
  - AFNetworking/Security (2.6.3)
  - AFNetworking/Serialization (2.6.3)
  - AFNetworking/UIKit (2.6.3):
    - AFNetworking/NSURLConnection
    - AFNetworking/NSURLSession
  - FMDB (2.6):
    - FMDB/standard (= 2.6)
  - FMDB/standard (2.6)
  - MBProgressHUD (0.9.2)
  - OpenUDID (1.0.0)

DEPENDENCIES:
  - AFNetworking (<= 2.6.3)
  - FMDB (~> 2.6)
  - MBProgressHUD (~> 0.9.2)
  - OpenUDID (~> 1.0.0)

SPEC CHECKSUMS:
  AFNetworking: cb8d14a848e831097108418f5d49217339d4eb60
  FMDB: c1968bab3ab0aed38f66cb778ae1e7fa9a652b6e
  MBProgressHUD: 1569cf7ace17a8bac47aabfbb8580a49690386d1
  OpenUDID: e7cb6984c7304906ad20f3a36bf087b025896b6b

PODFILE CHECKSUM: 5930ae598b30cda5b8eb3e2d30923fbdbde71fb1

COCOAPODS: 1.0.0
