// !$*UTF8*$!
{
	archiveVersion = 1;
	classes = {
	};
	objectVersion = 46;
	objects = {

/* Begin PBXBuildFile section */
		0400A3E41D2C0A730048FB3D /* color.m in Sources */ = {isa = PBXBuildFile; fileRef = 0400A3E31D2C0A730048FB3D /* color.m */; };
		0400A3E51D2C0B270048FB3D /* Ono.framework in Frameworks */ = {isa = PBXBuildFile; fileRef = 049B629D1CE1B210002F6DA2 /* Ono.framework */; };
		0400A3E61D2C0B270048FB3D /* Ono.framework in Embed Frameworks */ = {isa = PBXBuildFile; fileRef = 049B629D1CE1B210002F6DA2 /* Ono.framework */; settings = {ATTRIBUTES = (CodeSignOnCopy, RemoveHeadersOnCopy, ); }; };
		0400A3E81D2C0BB20048FB3D /* material_colors.xml in Resources */ = {isa = PBXBuildFile; fileRef = 0400A3E71D2C0BB20048FB3D /* material_colors.xml */; };
		041D40511DBF0648001BFC45 /* SocketRocket.framework in Frameworks */ = {isa = PBXBuildFile; fileRef = 041D404F1DBF0647001BFC45 /* SocketRocket.framework */; };
		041D40521DBF0648001BFC45 /* SocketRocket.framework in Embed Frameworks */ = {isa = PBXBuildFile; fileRef = 041D404F1DBF0647001BFC45 /* SocketRocket.framework */; settings = {ATTRIBUTES = (CodeSignOnCopy, RemoveHeadersOnCopy, ); }; };
		041D40531DBF0648001BFC45 /* WeexSDK.framework in Frameworks */ = {isa = PBXBuildFile; fileRef = 041D40501DBF0648001BFC45 /* WeexSDK.framework */; };
		041D40541DBF0648001BFC45 /* WeexSDK.framework in Embed Frameworks */ = {isa = PBXBuildFile; fileRef = 041D40501DBF0648001BFC45 /* WeexSDK.framework */; settings = {ATTRIBUTES = (CodeSignOnCopy, RemoveHeadersOnCopy, ); }; };
		041D405B1DBF06D2001BFC45 /* main.js in Resources */ = {isa = PBXBuildFile; fileRef = 041D40591DBF06D2001BFC45 /* main.js */; };
		041D405C1DBF06D2001BFC45 /* wx_load_error@3x.png in Resources */ = {isa = PBXBuildFile; fileRef = 041D405A1DBF06D2001BFC45 /* wx_load_error@3x.png */; };
		041D40711DBF0836001BFC45 /* WXImgLoaderDefaultImpl.m in Sources */ = {isa = PBXBuildFile; fileRef = 041D40681DBF0836001BFC45 /* WXImgLoaderDefaultImpl.m */; };
		041D40721DBF0836001BFC45 /* WXEventModule.m in Sources */ = {isa = PBXBuildFile; fileRef = 041D406B1DBF0836001BFC45 /* WXEventModule.m */; };
		041D40731DBF0836001BFC45 /* WeexExtend.m in Sources */ = {isa = PBXBuildFile; fileRef = 041D406D1DBF0836001BFC45 /* WeexExtend.m */; };
		041D40741DBF0836001BFC45 /* WXDemoViewController.m in Sources */ = {isa = PBXBuildFile; fileRef = 041D406F1DBF0836001BFC45 /* WXDemoViewController.m */; };
		042A4BB81CF72D2B008482FE /* APIGateway.m in Sources */ = {isa = PBXBuildFile; fileRef = 042A4BAE1CF72D2B008482FE /* APIGateway.m */; };
		042A4BB91CF72D2B008482FE /* AliEncryption.m in Sources */ = {isa = PBXBuildFile; fileRef = 042A4BB01CF72D2B008482FE /* AliEncryption.m */; };
		042A4BBA1CF72D2B008482FE /* NSData+DTCrypto.m in Sources */ = {isa = PBXBuildFile; fileRef = 042A4BB21CF72D2B008482FE /* NSData+DTCrypto.m */; };
		04381EBD1CE31CAC001EC0F5 /* TabbarSubNormalController.m in Sources */ = {isa = PBXBuildFile; fileRef = 04381EB81CE31CAC001EC0F5 /* TabbarSubNormalController.m */; };
		04381EBE1CE31CAC001EC0F5 /* TabbarBoard.m in Sources */ = {isa = PBXBuildFile; fileRef = 04381EBA1CE31CAC001EC0F5 /* TabbarBoard.m */; };
		04381EBF1CE31CAC001EC0F5 /* TabbarSubController.m in Sources */ = {isa = PBXBuildFile; fileRef = 04381EBC1CE31CAC001EC0F5 /* TabbarSubController.m */; };
		0448F5741D78879900E4E844 /* PushBoard.m in Sources */ = {isa = PBXBuildFile; fileRef = 0448F5731D78879900E4E844 /* PushBoard.m */; };
		0448F57A1D7937F900E4E844 /* ApiTest.m in Sources */ = {isa = PBXBuildFile; fileRef = 0448F5791D7937F900E4E844 /* ApiTest.m */; };
		044C37E01CE32FF7005B82BC /* ButtonBoard.m in Sources */ = {isa = PBXBuildFile; fileRef = 044C37DF1CE32FF7005B82BC /* ButtonBoard.m */; };
		044C37E71CE3441D005B82BC /* Realm.framework in Frameworks */ = {isa = PBXBuildFile; fileRef = 044C37E21CE3441D005B82BC /* Realm.framework */; };
		044C37E81CE3441D005B82BC /* Realm.framework in Embed Frameworks */ = {isa = PBXBuildFile; fileRef = 044C37E21CE3441D005B82BC /* Realm.framework */; settings = {ATTRIBUTES = (CodeSignOnCopy, RemoveHeadersOnCopy, ); }; };
		044C37E91CE3441D005B82BC /* SDAutoLayout.framework in Frameworks */ = {isa = PBXBuildFile; fileRef = 044C37E31CE3441D005B82BC /* SDAutoLayout.framework */; };
		044C37EA1CE3441D005B82BC /* SDAutoLayout.framework in Embed Frameworks */ = {isa = PBXBuildFile; fileRef = 044C37E31CE3441D005B82BC /* SDAutoLayout.framework */; settings = {ATTRIBUTES = (CodeSignOnCopy, RemoveHeadersOnCopy, ); }; };
		044C37EB1CE3441D005B82BC /* SDWebImage.framework in Frameworks */ = {isa = PBXBuildFile; fileRef = 044C37E41CE3441D005B82BC /* SDWebImage.framework */; };
		044C37EC1CE3441D005B82BC /* SDWebImage.framework in Embed Frameworks */ = {isa = PBXBuildFile; fileRef = 044C37E41CE3441D005B82BC /* SDWebImage.framework */; settings = {ATTRIBUTES = (CodeSignOnCopy, RemoveHeadersOnCopy, ); }; };
		044C37F01CE362B9005B82BC /* ThirdPartBoard.m in Sources */ = {isa = PBXBuildFile; fileRef = 044C37EF1CE362B9005B82BC /* ThirdPartBoard.m */; };
		044C380C1CE8D601005B82BC /* BounceBlurTransitionAnimator.m in Sources */ = {isa = PBXBuildFile; fileRef = 044C380B1CE8D601005B82BC /* BounceBlurTransitionAnimator.m */; };
		044C38141CE8E366005B82BC /* BounceBlurController.m in Sources */ = {isa = PBXBuildFile; fileRef = 044C38131CE8E366005B82BC /* BounceBlurController.m */; };
		049B628E1CE1AF78002F6DA2 /* AFNetworking.framework in Frameworks */ = {isa = PBXBuildFile; fileRef = 049B62891CE1AF78002F6DA2 /* AFNetworking.framework */; };
		049B628F1CE1AF78002F6DA2 /* AFNetworking.framework in Embed Frameworks */ = {isa = PBXBuildFile; fileRef = 049B62891CE1AF78002F6DA2 /* AFNetworking.framework */; settings = {ATTRIBUTES = (CodeSignOnCopy, RemoveHeadersOnCopy, ); }; };
		049B62901CE1AF78002F6DA2 /* EFWKLib.framework in Frameworks */ = {isa = PBXBuildFile; fileRef = 049B628A1CE1AF78002F6DA2 /* EFWKLib.framework */; };
		049B62911CE1AF78002F6DA2 /* EFWKLib.framework in Embed Frameworks */ = {isa = PBXBuildFile; fileRef = 049B628A1CE1AF78002F6DA2 /* EFWKLib.framework */; settings = {ATTRIBUTES = (CodeSignOnCopy, RemoveHeadersOnCopy, ); }; };
		049B62921CE1AF78002F6DA2 /* FMDB.framework in Frameworks */ = {isa = PBXBuildFile; fileRef = 049B628B1CE1AF78002F6DA2 /* FMDB.framework */; };
		049B62931CE1AF78002F6DA2 /* FMDB.framework in Embed Frameworks */ = {isa = PBXBuildFile; fileRef = 049B628B1CE1AF78002F6DA2 /* FMDB.framework */; settings = {ATTRIBUTES = (CodeSignOnCopy, RemoveHeadersOnCopy, ); }; };
		049B62941CE1AF78002F6DA2 /* MBProgressHUD.framework in Frameworks */ = {isa = PBXBuildFile; fileRef = 049B628C1CE1AF78002F6DA2 /* MBProgressHUD.framework */; };
		049B62951CE1AF78002F6DA2 /* MBProgressHUD.framework in Embed Frameworks */ = {isa = PBXBuildFile; fileRef = 049B628C1CE1AF78002F6DA2 /* MBProgressHUD.framework */; settings = {ATTRIBUTES = (CodeSignOnCopy, RemoveHeadersOnCopy, ); }; };
		049B62961CE1AF78002F6DA2 /* OpenUDID.framework in Frameworks */ = {isa = PBXBuildFile; fileRef = 049B628D1CE1AF78002F6DA2 /* OpenUDID.framework */; };
		049B62971CE1AF78002F6DA2 /* OpenUDID.framework in Embed Frameworks */ = {isa = PBXBuildFile; fileRef = 049B628D1CE1AF78002F6DA2 /* OpenUDID.framework */; settings = {ATTRIBUTES = (CodeSignOnCopy, RemoveHeadersOnCopy, ); }; };
		049B62A01CE1B210002F6DA2 /* CocoaAsyncSocket.framework in Frameworks */ = {isa = PBXBuildFile; fileRef = 049B62981CE1B210002F6DA2 /* CocoaAsyncSocket.framework */; };
		049B62A11CE1B210002F6DA2 /* CocoaAsyncSocket.framework in Embed Frameworks */ = {isa = PBXBuildFile; fileRef = 049B62981CE1B210002F6DA2 /* CocoaAsyncSocket.framework */; settings = {ATTRIBUTES = (CodeSignOnCopy, RemoveHeadersOnCopy, ); }; };
		049B62A21CE1B210002F6DA2 /* GPUImage.framework in Frameworks */ = {isa = PBXBuildFile; fileRef = 049B62991CE1B210002F6DA2 /* GPUImage.framework */; };
		049B62A31CE1B210002F6DA2 /* GPUImage.framework in Embed Frameworks */ = {isa = PBXBuildFile; fileRef = 049B62991CE1B210002F6DA2 /* GPUImage.framework */; settings = {ATTRIBUTES = (CodeSignOnCopy, RemoveHeadersOnCopy, ); }; };
		049B62A41CE1B210002F6DA2 /* JHChainableAnimations.framework in Frameworks */ = {isa = PBXBuildFile; fileRef = 049B629A1CE1B210002F6DA2 /* JHChainableAnimations.framework */; };
		049B62A51CE1B210002F6DA2 /* JHChainableAnimations.framework in Embed Frameworks */ = {isa = PBXBuildFile; fileRef = 049B629A1CE1B210002F6DA2 /* JHChainableAnimations.framework */; settings = {ATTRIBUTES = (CodeSignOnCopy, RemoveHeadersOnCopy, ); }; };
		049B62A61CE1B210002F6DA2 /* Masonry.framework in Frameworks */ = {isa = PBXBuildFile; fileRef = 049B629B1CE1B210002F6DA2 /* Masonry.framework */; };
		049B62A71CE1B210002F6DA2 /* Masonry.framework in Embed Frameworks */ = {isa = PBXBuildFile; fileRef = 049B629B1CE1B210002F6DA2 /* Masonry.framework */; settings = {ATTRIBUTES = (CodeSignOnCopy, RemoveHeadersOnCopy, ); }; };
		049B62A81CE1B210002F6DA2 /* MJRefresh.framework in Frameworks */ = {isa = PBXBuildFile; fileRef = 049B629C1CE1B210002F6DA2 /* MJRefresh.framework */; };
		049B62A91CE1B210002F6DA2 /* MJRefresh.framework in Embed Frameworks */ = {isa = PBXBuildFile; fileRef = 049B629C1CE1B210002F6DA2 /* MJRefresh.framework */; settings = {ATTRIBUTES = (CodeSignOnCopy, RemoveHeadersOnCopy, ); }; };
		049B62AC1CE1B210002F6DA2 /* UITableView_FDTemplateLayoutCell.framework in Frameworks */ = {isa = PBXBuildFile; fileRef = 049B629E1CE1B210002F6DA2 /* UITableView_FDTemplateLayoutCell.framework */; };
		049B62AD1CE1B210002F6DA2 /* UITableView_FDTemplateLayoutCell.framework in Embed Frameworks */ = {isa = PBXBuildFile; fileRef = 049B629E1CE1B210002F6DA2 /* UITableView_FDTemplateLayoutCell.framework */; settings = {ATTRIBUTES = (CodeSignOnCopy, RemoveHeadersOnCopy, ); }; };
		049B62AE1CE1B210002F6DA2 /* ZipArchive.framework in Frameworks */ = {isa = PBXBuildFile; fileRef = 049B629F1CE1B210002F6DA2 /* ZipArchive.framework */; };
		049B62AF1CE1B210002F6DA2 /* ZipArchive.framework in Embed Frameworks */ = {isa = PBXBuildFile; fileRef = 049B629F1CE1B210002F6DA2 /* ZipArchive.framework */; settings = {ATTRIBUTES = (CodeSignOnCopy, RemoveHeadersOnCopy, ); }; };
		049B62B21CE1B409002F6DA2 /* ListBoard.m in Sources */ = {isa = PBXBuildFile; fileRef = 049B62B11CE1B409002F6DA2 /* ListBoard.m */; };
		049B62B61CE1BE5F002F6DA2 /* SystemInfo.m in Sources */ = {isa = PBXBuildFile; fileRef = 049B62B51CE1BE5F002F6DA2 /* SystemInfo.m */; };
		049B62B91CE1F568002F6DA2 /* Sandbox.m in Sources */ = {isa = PBXBuildFile; fileRef = 049B62B81CE1F568002F6DA2 /* Sandbox.m */; };
		04F30EF71C09D91800EEFAF1 /* AVFoundation.framework in Frameworks */ = {isa = PBXBuildFile; fileRef = 04F30EF61C09D91800EEFAF1 /* AVFoundation.framework */; };
		04F30EFB1C09D91800EEFAF1 /* main.m in Sources */ = {isa = PBXBuildFile; fileRef = 04F30EFA1C09D91800EEFAF1 /* main.m */; };
		04F30EFE1C09D91800EEFAF1 /* AppDelegate.m in Sources */ = {isa = PBXBuildFile; fileRef = 04F30EFD1C09D91800EEFAF1 /* AppDelegate.m */; };
		04F30F011C09D91800EEFAF1 /* Main.storyboard in Resources */ = {isa = PBXBuildFile; fileRef = 04F30EFF1C09D91800EEFAF1 /* Main.storyboard */; };
		04F30F031C09D91800EEFAF1 /* Podfile in Resources */ = {isa = PBXBuildFile; fileRef = 04F30F021C09D91800EEFAF1 /* Podfile */; };
		04F30F071C09D91800EEFAF1 /* ZXingBoard.m in Sources */ = {isa = PBXBuildFile; fileRef = 04F30F061C09D91800EEFAF1 /* ZXingBoard.m */; };
		04F30F091C09D91800EEFAF1 /* EFDemo-Prefix.pch in Resources */ = {isa = PBXBuildFile; fileRef = 04F30F081C09D91800EEFAF1 /* EFDemo-Prefix.pch */; };
		04F30F0C1C09D91800EEFAF1 /* UserCenter.m in Sources */ = {isa = PBXBuildFile; fileRef = 04F30F0B1C09D91800EEFAF1 /* UserCenter.m */; };
		04F30F0F1C09D91800EEFAF1 /* libsqlite3.dylib in Frameworks */ = {isa = PBXBuildFile; fileRef = 04F30F0E1C09D91800EEFAF1 /* libsqlite3.dylib */; };
		04F30F111C09D91800EEFAF1 /* libz.dylib in Frameworks */ = {isa = PBXBuildFile; fileRef = 04F30F101C09D91800EEFAF1 /* libz.dylib */; };
		04F30F131C09D91800EEFAF1 /* libxml2.dylib in Frameworks */ = {isa = PBXBuildFile; fileRef = 04F30F121C09D91800EEFAF1 /* libxml2.dylib */; };
		04F30F151C09D91800EEFAF1 /* libc++.dylib in Frameworks */ = {isa = PBXBuildFile; fileRef = 04F30F141C09D91800EEFAF1 /* libc++.dylib */; };
		04F30F191C09D91800EEFAF1 /* MainBoard.m in Sources */ = {isa = PBXBuildFile; fileRef = 04F30F181C09D91800EEFAF1 /* MainBoard.m */; };
		04F30F1B1C09D91800EEFAF1 /* Assets.xcassets in Resources */ = {isa = PBXBuildFile; fileRef = 04F30F1A1C09D91800EEFAF1 /* Assets.xcassets */; };
		04F30F1E1C09D91800EEFAF1 /* LaunchScreen.storyboard in Resources */ = {isa = PBXBuildFile; fileRef = 04F30F1C1C09D91800EEFAF1 /* LaunchScreen.storyboard */; };
		04F311221C09F03400EEFAF1 /* CoreTelephony.framework in Frameworks */ = {isa = PBXBuildFile; fileRef = 04F311211C09F03400EEFAF1 /* CoreTelephony.framework */; };
		04F311261C09F12300EEFAF1 /* libstdc++.6.0.9.tbd in Frameworks */ = {isa = PBXBuildFile; fileRef = 04F311251C09F12300EEFAF1 /* libstdc++.6.0.9.tbd */; };
		04F311341C09F46300EEFAF1 /* china.json in Resources */ = {isa = PBXBuildFile; fileRef = 04F311281C09F46300EEFAF1 /* china.json */; };
		04F311351C09F46300EEFAF1 /* china.plist in Resources */ = {isa = PBXBuildFile; fileRef = 04F311291C09F46300EEFAF1 /* china.plist */; };
		04F311361C09F46300EEFAF1 /* cities.txt in Resources */ = {isa = PBXBuildFile; fileRef = 04F3112A1C09F46300EEFAF1 /* cities.txt */; };
		04F311371C09F46300EEFAF1 /* iOS7.jpg in Resources */ = {isa = PBXBuildFile; fileRef = 04F3112B1C09F46300EEFAF1 /* iOS7.jpg */; };
		04F311381C09F46300EEFAF1 /* photoWeb.zip in Resources */ = {isa = PBXBuildFile; fileRef = 04F3112C1C09F46300EEFAF1 /* photoWeb.zip */; };
		04F311391C09F46300EEFAF1 /* ping.caf in Resources */ = {isa = PBXBuildFile; fileRef = 04F3112D1C09F46300EEFAF1 /* ping.caf */; };
		04F3113A1C09F46300EEFAF1 /* provinces.txt in Resources */ = {isa = PBXBuildFile; fileRef = 04F3112E1C09F46300EEFAF1 /* provinces.txt */; };
		04F3113B1C09F46300EEFAF1 /* REC006.wav in Resources */ = {isa = PBXBuildFile; fileRef = 04F3112F1C09F46300EEFAF1 /* REC006.wav */; };
		04F3113C1C09F46300EEFAF1 /* test.caf in Resources */ = {isa = PBXBuildFile; fileRef = 04F311301C09F46300EEFAF1 /* test.caf */; };
		04F3113D1C09F46300EEFAF1 /* weatherCode.txt in Resources */ = {isa = PBXBuildFile; fileRef = 04F311311C09F46300EEFAF1 /* weatherCode.txt */; };
		04F3113E1C09F46300EEFAF1 /* 张敬轩 - 狐.wav in Resources */ = {isa = PBXBuildFile; fileRef = 04F311321C09F46300EEFAF1 /* 张敬轩 - 狐.wav */; };
		04F3113F1C09F46300EEFAF1 /* 短信11.caf in Resources */ = {isa = PBXBuildFile; fileRef = 04F311331C09F46300EEFAF1 /* 短信11.caf */; };
/* End PBXBuildFile section */

/* Begin PBXCopyFilesBuildPhase section */
		049B5FCC1CE03FCC002F6DA2 /* Embed Frameworks */ = {
			isa = PBXCopyFilesBuildPhase;
			buildActionMask = 2147483647;
			dstPath = "";
			dstSubfolderSpec = 10;
			files = (
				041D40541DBF0648001BFC45 /* WeexSDK.framework in Embed Frameworks */,
				044C37EA1CE3441D005B82BC /* SDAutoLayout.framework in Embed Frameworks */,
				041D40521DBF0648001BFC45 /* SocketRocket.framework in Embed Frameworks */,
				049B62A11CE1B210002F6DA2 /* CocoaAsyncSocket.framework in Embed Frameworks */,
				049B62951CE1AF78002F6DA2 /* MBProgressHUD.framework in Embed Frameworks */,
				049B62AD1CE1B210002F6DA2 /* UITableView_FDTemplateLayoutCell.framework in Embed Frameworks */,
				044C37EC1CE3441D005B82BC /* SDWebImage.framework in Embed Frameworks */,
				0400A3E61D2C0B270048FB3D /* Ono.framework in Embed Frameworks */,
				049B62AF1CE1B210002F6DA2 /* ZipArchive.framework in Embed Frameworks */,
				049B628F1CE1AF78002F6DA2 /* AFNetworking.framework in Embed Frameworks */,
				049B62931CE1AF78002F6DA2 /* FMDB.framework in Embed Frameworks */,
				049B62A31CE1B210002F6DA2 /* GPUImage.framework in Embed Frameworks */,
				049B62A91CE1B210002F6DA2 /* MJRefresh.framework in Embed Frameworks */,
				044C37E81CE3441D005B82BC /* Realm.framework in Embed Frameworks */,
				049B62A71CE1B210002F6DA2 /* Masonry.framework in Embed Frameworks */,
				049B62911CE1AF78002F6DA2 /* EFWKLib.framework in Embed Frameworks */,
				049B62971CE1AF78002F6DA2 /* OpenUDID.framework in Embed Frameworks */,
				049B62A51CE1B210002F6DA2 /* JHChainableAnimations.framework in Embed Frameworks */,
			);
			name = "Embed Frameworks";
			runOnlyForDeploymentPostprocessing = 0;
		};
/* End PBXCopyFilesBuildPhase section */

/* Begin PBXFileReference section */
		0400A3E21D2C0A730048FB3D /* color.h */ = {isa = PBXFileReference; fileEncoding = 4; lastKnownFileType = sourcecode.c.h; path = color.h; sourceTree = "<group>"; };
		0400A3E31D2C0A730048FB3D /* color.m */ = {isa = PBXFileReference; fileEncoding = 4; lastKnownFileType = sourcecode.c.objc; path = color.m; sourceTree = "<group>"; };
		0400A3E71D2C0BB20048FB3D /* material_colors.xml */ = {isa = PBXFileReference; fileEncoding = 4; lastKnownFileType = text.xml; path = material_colors.xml; sourceTree = "<group>"; };
		041D404F1DBF0647001BFC45 /* SocketRocket.framework */ = {isa = PBXFileReference; lastKnownFileType = wrapper.framework; name = SocketRocket.framework; path = ../../../comm/EF/Frameworks/Public/SocketRocket.framework; sourceTree = "<group>"; };
		041D40501DBF0648001BFC45 /* WeexSDK.framework */ = {isa = PBXFileReference; lastKnownFileType = wrapper.framework; name = WeexSDK.framework; path = ../../../comm/EF/Frameworks/Public/WeexSDK.framework; sourceTree = "<group>"; };
		041D40591DBF06D2001BFC45 /* main.js */ = {isa = PBXFileReference; lastKnownFileType = sourcecode.javascript; name = main.js; path = ../../../comm/EF/Frameworks/Public/WeexSDK.framework/main.js; sourceTree = "<group>"; };
		041D405A1DBF06D2001BFC45 /* wx_load_error@3x.png */ = {isa = PBXFileReference; lastKnownFileType = image.png; name = "wx_load_error@3x.png"; path = "../../../comm/EF/Frameworks/Public/WeexSDK.framework/wx_load_error@3x.png"; sourceTree = "<group>"; };
		041D40671DBF0836001BFC45 /* WXImgLoaderDefaultImpl.h */ = {isa = PBXFileReference; fileEncoding = 4; lastKnownFileType = sourcecode.c.h; path = WXImgLoaderDefaultImpl.h; sourceTree = "<group>"; };
		041D40681DBF0836001BFC45 /* WXImgLoaderDefaultImpl.m */ = {isa = PBXFileReference; fileEncoding = 4; lastKnownFileType = sourcecode.c.objc; path = WXImgLoaderDefaultImpl.m; sourceTree = "<group>"; };
		041D406A1DBF0836001BFC45 /* WXEventModule.h */ = {isa = PBXFileReference; fileEncoding = 4; lastKnownFileType = sourcecode.c.h; path = WXEventModule.h; sourceTree = "<group>"; };
		041D406B1DBF0836001BFC45 /* WXEventModule.m */ = {isa = PBXFileReference; fileEncoding = 4; lastKnownFileType = sourcecode.c.objc; path = WXEventModule.m; sourceTree = "<group>"; };
		041D406C1DBF0836001BFC45 /* WeexExtend.h */ = {isa = PBXFileReference; fileEncoding = 4; lastKnownFileType = sourcecode.c.h; path = WeexExtend.h; sourceTree = "<group>"; };
		041D406D1DBF0836001BFC45 /* WeexExtend.m */ = {isa = PBXFileReference; fileEncoding = 4; lastKnownFileType = sourcecode.c.objc; path = WeexExtend.m; sourceTree = "<group>"; };
		041D406E1DBF0836001BFC45 /* WXDemoViewController.h */ = {isa = PBXFileReference; fileEncoding = 4; lastKnownFileType = sourcecode.c.h; path = WXDemoViewController.h; sourceTree = "<group>"; };
		041D406F1DBF0836001BFC45 /* WXDemoViewController.m */ = {isa = PBXFileReference; fileEncoding = 4; lastKnownFileType = sourcecode.c.objc; path = WXDemoViewController.m; sourceTree = "<group>"; };
		042A4BAD1CF72D2B008482FE /* APIGateway.h */ = {isa = PBXFileReference; fileEncoding = 4; lastKnownFileType = sourcecode.c.h; path = APIGateway.h; sourceTree = "<group>"; };
		042A4BAE1CF72D2B008482FE /* APIGateway.m */ = {isa = PBXFileReference; fileEncoding = 4; lastKnownFileType = sourcecode.c.objc; path = APIGateway.m; sourceTree = "<group>"; };
		042A4BAF1CF72D2B008482FE /* AliEncryption.h */ = {isa = PBXFileReference; fileEncoding = 4; lastKnownFileType = sourcecode.c.h; path = AliEncryption.h; sourceTree = "<group>"; };
		042A4BB01CF72D2B008482FE /* AliEncryption.m */ = {isa = PBXFileReference; fileEncoding = 4; lastKnownFileType = sourcecode.c.objc; path = AliEncryption.m; sourceTree = "<group>"; };
		042A4BB11CF72D2B008482FE /* NSData+DTCrypto.h */ = {isa = PBXFileReference; fileEncoding = 4; lastKnownFileType = sourcecode.c.h; path = "NSData+DTCrypto.h"; sourceTree = "<group>"; };
		042A4BB21CF72D2B008482FE /* NSData+DTCrypto.m */ = {isa = PBXFileReference; fileEncoding = 4; lastKnownFileType = sourcecode.c.objc; path = "NSData+DTCrypto.m"; sourceTree = "<group>"; };
		04381EB71CE31CAC001EC0F5 /* TabbarSubNormalController.h */ = {isa = PBXFileReference; fileEncoding = 4; lastKnownFileType = sourcecode.c.h; path = TabbarSubNormalController.h; sourceTree = "<group>"; };
		04381EB81CE31CAC001EC0F5 /* TabbarSubNormalController.m */ = {isa = PBXFileReference; fileEncoding = 4; lastKnownFileType = sourcecode.c.objc; path = TabbarSubNormalController.m; sourceTree = "<group>"; };
		04381EB91CE31CAC001EC0F5 /* TabbarBoard.h */ = {isa = PBXFileReference; fileEncoding = 4; lastKnownFileType = sourcecode.c.h; path = TabbarBoard.h; sourceTree = "<group>"; };
		04381EBA1CE31CAC001EC0F5 /* TabbarBoard.m */ = {isa = PBXFileReference; fileEncoding = 4; lastKnownFileType = sourcecode.c.objc; path = TabbarBoard.m; sourceTree = "<group>"; };
		04381EBB1CE31CAC001EC0F5 /* TabbarSubController.h */ = {isa = PBXFileReference; fileEncoding = 4; lastKnownFileType = sourcecode.c.h; path = TabbarSubController.h; sourceTree = "<group>"; };
		04381EBC1CE31CAC001EC0F5 /* TabbarSubController.m */ = {isa = PBXFileReference; fileEncoding = 4; lastKnownFileType = sourcecode.c.objc; path = TabbarSubController.m; sourceTree = "<group>"; };
		0448F5721D78879900E4E844 /* PushBoard.h */ = {isa = PBXFileReference; fileEncoding = 4; lastKnownFileType = sourcecode.c.h; path = PushBoard.h; sourceTree = "<group>"; };
		0448F5731D78879900E4E844 /* PushBoard.m */ = {isa = PBXFileReference; fileEncoding = 4; lastKnownFileType = sourcecode.c.objc; path = PushBoard.m; sourceTree = "<group>"; };
		0448F5781D7937F900E4E844 /* ApiTest.h */ = {isa = PBXFileReference; fileEncoding = 4; lastKnownFileType = sourcecode.c.h; path = ApiTest.h; sourceTree = "<group>"; };
		0448F5791D7937F900E4E844 /* ApiTest.m */ = {isa = PBXFileReference; fileEncoding = 4; lastKnownFileType = sourcecode.c.objc; path = ApiTest.m; sourceTree = "<group>"; };
		044C37DE1CE32FF7005B82BC /* ButtonBoard.h */ = {isa = PBXFileReference; fileEncoding = 4; lastKnownFileType = sourcecode.c.h; name = ButtonBoard.h; path = For_iPhone/Elements/ButtonBoard.h; sourceTree = "<group>"; };
		044C37DF1CE32FF7005B82BC /* ButtonBoard.m */ = {isa = PBXFileReference; fileEncoding = 4; lastKnownFileType = sourcecode.c.objc; name = ButtonBoard.m; path = For_iPhone/Elements/ButtonBoard.m; sourceTree = "<group>"; };
		044C37E21CE3441D005B82BC /* Realm.framework */ = {isa = PBXFileReference; lastKnownFileType = wrapper.framework; name = Realm.framework; path = ../../../comm/EF/Frameworks/Public/Realm.framework; sourceTree = "<group>"; };
		044C37E31CE3441D005B82BC /* SDAutoLayout.framework */ = {isa = PBXFileReference; lastKnownFileType = wrapper.framework; name = SDAutoLayout.framework; path = ../../../comm/EF/Frameworks/Public/SDAutoLayout.framework; sourceTree = "<group>"; };
		044C37E41CE3441D005B82BC /* SDWebImage.framework */ = {isa = PBXFileReference; lastKnownFileType = wrapper.framework; name = SDWebImage.framework; path = ../../../comm/EF/Frameworks/Public/SDWebImage.framework; sourceTree = "<group>"; };
		044C37EE1CE362B9005B82BC /* ThirdPartBoard.h */ = {isa = PBXFileReference; fileEncoding = 4; lastKnownFileType = sourcecode.c.h; name = ThirdPartBoard.h; path = For_iPhone/ThirdPart/ThirdPartBoard.h; sourceTree = "<group>"; };
		044C37EF1CE362B9005B82BC /* ThirdPartBoard.m */ = {isa = PBXFileReference; fileEncoding = 4; lastKnownFileType = sourcecode.c.objc; name = ThirdPartBoard.m; path = For_iPhone/ThirdPart/ThirdPartBoard.m; sourceTree = "<group>"; };
		044C380A1CE8D601005B82BC /* BounceBlurTransitionAnimator.h */ = {isa = PBXFileReference; fileEncoding = 4; lastKnownFileType = sourcecode.c.h; name = BounceBlurTransitionAnimator.h; path = For_iPhone/Controllers/Transitioning/BounceBlurTransitionAnimator.h; sourceTree = "<group>"; };
		044C380B1CE8D601005B82BC /* BounceBlurTransitionAnimator.m */ = {isa = PBXFileReference; fileEncoding = 4; lastKnownFileType = sourcecode.c.objc; name = BounceBlurTransitionAnimator.m; path = For_iPhone/Controllers/Transitioning/BounceBlurTransitionAnimator.m; sourceTree = "<group>"; };
		044C38121CE8E366005B82BC /* BounceBlurController.h */ = {isa = PBXFileReference; fileEncoding = 4; lastKnownFileType = sourcecode.c.h; path = BounceBlurController.h; sourceTree = "<group>"; };
		044C38131CE8E366005B82BC /* BounceBlurController.m */ = {isa = PBXFileReference; fileEncoding = 4; lastKnownFileType = sourcecode.c.objc; path = BounceBlurController.m; sourceTree = "<group>"; };
		049B62891CE1AF78002F6DA2 /* AFNetworking.framework */ = {isa = PBXFileReference; lastKnownFileType = wrapper.framework; name = AFNetworking.framework; path = ../../../comm/EF/Frameworks/Public/AFNetworking.framework; sourceTree = "<group>"; };
		049B628A1CE1AF78002F6DA2 /* EFWKLib.framework */ = {isa = PBXFileReference; lastKnownFileType = wrapper.framework; name = EFWKLib.framework; path = ../../../comm/EF/Frameworks/Public/EFWKLib.framework; sourceTree = "<group>"; };
		049B628B1CE1AF78002F6DA2 /* FMDB.framework */ = {isa = PBXFileReference; lastKnownFileType = wrapper.framework; name = FMDB.framework; path = ../../../comm/EF/Frameworks/Public/FMDB.framework; sourceTree = "<group>"; };
		049B628C1CE1AF78002F6DA2 /* MBProgressHUD.framework */ = {isa = PBXFileReference; lastKnownFileType = wrapper.framework; name = MBProgressHUD.framework; path = ../../../comm/EF/Frameworks/Public/MBProgressHUD.framework; sourceTree = "<group>"; };
		049B628D1CE1AF78002F6DA2 /* OpenUDID.framework */ = {isa = PBXFileReference; lastKnownFileType = wrapper.framework; name = OpenUDID.framework; path = ../../../comm/EF/Frameworks/Public/OpenUDID.framework; sourceTree = "<group>"; };
		049B62981CE1B210002F6DA2 /* CocoaAsyncSocket.framework */ = {isa = PBXFileReference; lastKnownFileType = wrapper.framework; name = CocoaAsyncSocket.framework; path = ../../../comm/EF/Frameworks/Public/CocoaAsyncSocket.framework; sourceTree = "<group>"; };
		049B62991CE1B210002F6DA2 /* GPUImage.framework */ = {isa = PBXFileReference; lastKnownFileType = wrapper.framework; name = GPUImage.framework; path = ../../../comm/EF/Frameworks/Public/GPUImage.framework; sourceTree = "<group>"; };
		049B629A1CE1B210002F6DA2 /* JHChainableAnimations.framework */ = {isa = PBXFileReference; lastKnownFileType = wrapper.framework; name = JHChainableAnimations.framework; path = ../../../comm/EF/Frameworks/Public/JHChainableAnimations.framework; sourceTree = "<group>"; };
		049B629B1CE1B210002F6DA2 /* Masonry.framework */ = {isa = PBXFileReference; lastKnownFileType = wrapper.framework; name = Masonry.framework; path = ../../../comm/EF/Frameworks/Public/Masonry.framework; sourceTree = "<group>"; };
		049B629C1CE1B210002F6DA2 /* MJRefresh.framework */ = {isa = PBXFileReference; lastKnownFileType = wrapper.framework; name = MJRefresh.framework; path = ../../../comm/EF/Frameworks/Public/MJRefresh.framework; sourceTree = "<group>"; };
		049B629D1CE1B210002F6DA2 /* Ono.framework */ = {isa = PBXFileReference; lastKnownFileType = wrapper.framework; name = Ono.framework; path = ../../../comm/EF/Frameworks/Public/Ono.framework; sourceTree = "<group>"; };
		049B629E1CE1B210002F6DA2 /* UITableView_FDTemplateLayoutCell.framework */ = {isa = PBXFileReference; lastKnownFileType = wrapper.framework; name = UITableView_FDTemplateLayoutCell.framework; path = ../../../comm/EF/Frameworks/Public/UITableView_FDTemplateLayoutCell.framework; sourceTree = "<group>"; };
		049B629F1CE1B210002F6DA2 /* ZipArchive.framework */ = {isa = PBXFileReference; lastKnownFileType = wrapper.framework; name = ZipArchive.framework; path = ../../../comm/EF/Frameworks/Public/ZipArchive.framework; sourceTree = "<group>"; };
		049B62B01CE1B409002F6DA2 /* ListBoard.h */ = {isa = PBXFileReference; fileEncoding = 4; lastKnownFileType = sourcecode.c.h; name = ListBoard.h; path = For_iPhone/ListBoard.h; sourceTree = "<group>"; };
		049B62B11CE1B409002F6DA2 /* ListBoard.m */ = {isa = PBXFileReference; fileEncoding = 4; lastKnownFileType = sourcecode.c.objc; name = ListBoard.m; path = For_iPhone/ListBoard.m; sourceTree = "<group>"; };
		049B62B41CE1BE5F002F6DA2 /* SystemInfo.h */ = {isa = PBXFileReference; fileEncoding = 4; lastKnownFileType = sourcecode.c.h; name = SystemInfo.h; path = For_iPhone/Foundation/SystemInfo.h; sourceTree = "<group>"; };
		049B62B51CE1BE5F002F6DA2 /* SystemInfo.m */ = {isa = PBXFileReference; fileEncoding = 4; lastKnownFileType = sourcecode.c.objc; name = SystemInfo.m; path = For_iPhone/Foundation/SystemInfo.m; sourceTree = "<group>"; };
		049B62B71CE1F568002F6DA2 /* Sandbox.h */ = {isa = PBXFileReference; fileEncoding = 4; lastKnownFileType = sourcecode.c.h; name = Sandbox.h; path = For_iPhone/Foundation/Sandbox.h; sourceTree = "<group>"; };
		049B62B81CE1F568002F6DA2 /* Sandbox.m */ = {isa = PBXFileReference; fileEncoding = 4; lastKnownFileType = sourcecode.c.objc; name = Sandbox.m; path = For_iPhone/Foundation/Sandbox.m; sourceTree = "<group>"; };
		04F30EF31C09D91800EEFAF1 /* EFDemo.app */ = {isa = PBXFileReference; explicitFileType = wrapper.application; includeInIndex = 0; path = EFDemo.app; sourceTree = BUILT_PRODUCTS_DIR; };
		04F30EF61C09D91800EEFAF1 /* AVFoundation.framework */ = {isa = PBXFileReference; lastKnownFileType = wrapper.framework; name = AVFoundation.framework; path = System/Library/Frameworks/AVFoundation.framework; sourceTree = SDKROOT; };
		04F30EFA1C09D91800EEFAF1 /* main.m */ = {isa = PBXFileReference; lastKnownFileType = sourcecode.c.objc; path = main.m; sourceTree = "<group>"; };
		04F30EFC1C09D91800EEFAF1 /* AppDelegate.h */ = {isa = PBXFileReference; lastKnownFileType = sourcecode.c.h; path = AppDelegate.h; sourceTree = "<group>"; };
		04F30EFD1C09D91800EEFAF1 /* AppDelegate.m */ = {isa = PBXFileReference; lastKnownFileType = sourcecode.c.objc; path = AppDelegate.m; sourceTree = "<group>"; };
		04F30F001C09D91800EEFAF1 /* Base */ = {isa = PBXFileReference; lastKnownFileType = file.storyboard; name = Base; path = Base.lproj/Main.storyboard; sourceTree = "<group>"; };
		04F30F021C09D91800EEFAF1 /* Podfile */ = {isa = PBXFileReference; lastKnownFileType = text; name = Podfile; path = ../Podfile; sourceTree = "<group>"; };
		04F30F051C09D91800EEFAF1 /* ZXingBoard.h */ = {isa = PBXFileReference; lastKnownFileType = sourcecode.c.h; name = ZXingBoard.h; path = model/ZXingBoard.h; sourceTree = "<group>"; };
		04F30F061C09D91800EEFAF1 /* ZXingBoard.m */ = {isa = PBXFileReference; lastKnownFileType = sourcecode.c.objc; name = ZXingBoard.m; path = model/ZXingBoard.m; sourceTree = "<group>"; };
		04F30F081C09D91800EEFAF1 /* EFDemo-Prefix.pch */ = {isa = PBXFileReference; lastKnownFileType = sourcecode.c.h; path = "EFDemo-Prefix.pch"; sourceTree = "<group>"; };
		04F30F0A1C09D91800EEFAF1 /* UserCenter.h */ = {isa = PBXFileReference; lastKnownFileType = sourcecode.c.h; name = UserCenter.h; path = model/UserCenter.h; sourceTree = "<group>"; };
		04F30F0B1C09D91800EEFAF1 /* UserCenter.m */ = {isa = PBXFileReference; lastKnownFileType = sourcecode.c.objc; name = UserCenter.m; path = model/UserCenter.m; sourceTree = "<group>"; };
		04F30F0E1C09D91800EEFAF1 /* libsqlite3.dylib */ = {isa = PBXFileReference; lastKnownFileType = "compiled.mach-o.dylib"; name = libsqlite3.dylib; path = /usr/lib/libsqlite3.dylib; sourceTree = DEVELOPER_DIR; };
		04F30F101C09D91800EEFAF1 /* libz.dylib */ = {isa = PBXFileReference; lastKnownFileType = "compiled.mach-o.dylib"; name = libz.dylib; path = /usr/lib/libz.dylib; sourceTree = DEVELOPER_DIR; };
		04F30F121C09D91800EEFAF1 /* libxml2.dylib */ = {isa = PBXFileReference; lastKnownFileType = "compiled.mach-o.dylib"; name = libxml2.dylib; path = /usr/lib/libxml2.dylib; sourceTree = DEVELOPER_DIR; };
		04F30F141C09D91800EEFAF1 /* libc++.dylib */ = {isa = PBXFileReference; lastKnownFileType = "compiled.mach-o.dylib"; name = "libc++.dylib"; path = "/usr/lib/libc++.dylib"; sourceTree = DEVELOPER_DIR; };
		04F30F171C09D91800EEFAF1 /* MainBoard.h */ = {isa = PBXFileReference; lastKnownFileType = sourcecode.c.h; name = MainBoard.h; path = For_iPhone/MainBoard.h; sourceTree = "<group>"; };
		04F30F181C09D91800EEFAF1 /* MainBoard.m */ = {isa = PBXFileReference; lastKnownFileType = sourcecode.c.objc; name = MainBoard.m; path = For_iPhone/MainBoard.m; sourceTree = "<group>"; };
		04F30F1A1C09D91800EEFAF1 /* Assets.xcassets */ = {isa = PBXFileReference; lastKnownFileType = folder.assetcatalog; path = Assets.xcassets; sourceTree = "<group>"; };
		04F30F1D1C09D91800EEFAF1 /* Base */ = {isa = PBXFileReference; lastKnownFileType = file.storyboard; name = Base; path = Base.lproj/LaunchScreen.storyboard; sourceTree = "<group>"; };
		04F30F1F1C09D91800EEFAF1 /* Info.plist */ = {isa = PBXFileReference; lastKnownFileType = text.plist.xml; path = Info.plist; sourceTree = "<group>"; };
		04F311211C09F03400EEFAF1 /* CoreTelephony.framework */ = {isa = PBXFileReference; lastKnownFileType = wrapper.framework; name = CoreTelephony.framework; path = System/Library/Frameworks/CoreTelephony.framework; sourceTree = SDKROOT; };
		04F311231C09F11200EEFAF1 /* libstdc++.tbd */ = {isa = PBXFileReference; lastKnownFileType = "sourcecode.text-based-dylib-definition"; name = "libstdc++.tbd"; path = "usr/lib/libstdc++.tbd"; sourceTree = SDKROOT; };
		04F311251C09F12300EEFAF1 /* libstdc++.6.0.9.tbd */ = {isa = PBXFileReference; lastKnownFileType = "sourcecode.text-based-dylib-definition"; name = "libstdc++.6.0.9.tbd"; path = "usr/lib/libstdc++.6.0.9.tbd"; sourceTree = SDKROOT; };
		04F311281C09F46300EEFAF1 /* china.json */ = {isa = PBXFileReference; fileEncoding = 4; lastKnownFileType = text.json; path = china.json; sourceTree = "<group>"; };
		04F311291C09F46300EEFAF1 /* china.plist */ = {isa = PBXFileReference; fileEncoding = 4; lastKnownFileType = text.plist.xml; path = china.plist; sourceTree = "<group>"; };
		04F3112A1C09F46300EEFAF1 /* cities.txt */ = {isa = PBXFileReference; fileEncoding = 4; lastKnownFileType = text; path = cities.txt; sourceTree = "<group>"; };
		04F3112B1C09F46300EEFAF1 /* iOS7.jpg */ = {isa = PBXFileReference; lastKnownFileType = image.jpeg; path = iOS7.jpg; sourceTree = "<group>"; };
		04F3112C1C09F46300EEFAF1 /* photoWeb.zip */ = {isa = PBXFileReference; lastKnownFileType = archive.zip; path = photoWeb.zip; sourceTree = "<group>"; };
		04F3112D1C09F46300EEFAF1 /* ping.caf */ = {isa = PBXFileReference; lastKnownFileType = file; path = ping.caf; sourceTree = "<group>"; };
		04F3112E1C09F46300EEFAF1 /* provinces.txt */ = {isa = PBXFileReference; fileEncoding = 4; lastKnownFileType = text; path = provinces.txt; sourceTree = "<group>"; };
		04F3112F1C09F46300EEFAF1 /* REC006.wav */ = {isa = PBXFileReference; lastKnownFileType = audio.wav; path = REC006.wav; sourceTree = "<group>"; };
		04F311301C09F46300EEFAF1 /* test.caf */ = {isa = PBXFileReference; lastKnownFileType = file; path = test.caf; sourceTree = "<group>"; };
		04F311311C09F46300EEFAF1 /* weatherCode.txt */ = {isa = PBXFileReference; fileEncoding = 4; lastKnownFileType = text; path = weatherCode.txt; sourceTree = "<group>"; };
		04F311321C09F46300EEFAF1 /* 张敬轩 - 狐.wav */ = {isa = PBXFileReference; lastKnownFileType = audio.wav; path = "张敬轩 - 狐.wav"; sourceTree = "<group>"; };
		04F311331C09F46300EEFAF1 /* 短信11.caf */ = {isa = PBXFileReference; lastKnownFileType = file; path = "短信11.caf"; sourceTree = "<group>"; };
/* End PBXFileReference section */

/* Begin PBXFrameworksBuildPhase section */
		04F30EF01C09D91800EEFAF1 /* Frameworks */ = {
			isa = PBXFrameworksBuildPhase;
			buildActionMask = 2147483647;
			files = (
				049B62A41CE1B210002F6DA2 /* JHChainableAnimations.framework in Frameworks */,
				04F311261C09F12300EEFAF1 /* libstdc++.6.0.9.tbd in Frameworks */,
				049B628E1CE1AF78002F6DA2 /* AFNetworking.framework in Frameworks */,
				049B62961CE1AF78002F6DA2 /* OpenUDID.framework in Frameworks */,
				04F311221C09F03400EEFAF1 /* CoreTelephony.framework in Frameworks */,
				049B62921CE1AF78002F6DA2 /* FMDB.framework in Frameworks */,
				049B62A61CE1B210002F6DA2 /* Masonry.framework in Frameworks */,
				04F30F0F1C09D91800EEFAF1 /* libsqlite3.dylib in Frameworks */,
				049B62941CE1AF78002F6DA2 /* MBProgressHUD.framework in Frameworks */,
				041D40531DBF0648001BFC45 /* WeexSDK.framework in Frameworks */,
				049B62AE1CE1B210002F6DA2 /* ZipArchive.framework in Frameworks */,
				044C37E71CE3441D005B82BC /* Realm.framework in Frameworks */,
				049B62901CE1AF78002F6DA2 /* EFWKLib.framework in Frameworks */,
				049B62A01CE1B210002F6DA2 /* CocoaAsyncSocket.framework in Frameworks */,
				049B62AC1CE1B210002F6DA2 /* UITableView_FDTemplateLayoutCell.framework in Frameworks */,
				04F30F131C09D91800EEFAF1 /* libxml2.dylib in Frameworks */,
				04F30EF71C09D91800EEFAF1 /* AVFoundation.framework in Frameworks */,
				044C37EB1CE3441D005B82BC /* SDWebImage.framework in Frameworks */,
				049B62A81CE1B210002F6DA2 /* MJRefresh.framework in Frameworks */,
				044C37E91CE3441D005B82BC /* SDAutoLayout.framework in Frameworks */,
				041D40511DBF0648001BFC45 /* SocketRocket.framework in Frameworks */,
				049B62A21CE1B210002F6DA2 /* GPUImage.framework in Frameworks */,
				04F30F111C09D91800EEFAF1 /* libz.dylib in Frameworks */,
				04F30F151C09D91800EEFAF1 /* libc++.dylib in Frameworks */,
				0400A3E51D2C0B270048FB3D /* Ono.framework in Frameworks */,
			);
			runOnlyForDeploymentPostprocessing = 0;
		};
/* End PBXFrameworksBuildPhase section */

/* Begin PBXGroup section */
		0400A3E11D2C0A730048FB3D /* UIEffect */ = {
			isa = PBXGroup;
			children = (
				0400A3E21D2C0A730048FB3D /* color.h */,
				0400A3E31D2C0A730048FB3D /* color.m */,
				0400A3E71D2C0BB20048FB3D /* material_colors.xml */,
			);
			name = UIEffect;
			path = For_iPhone/UIEffect;
			sourceTree = "<group>";
		};
		041D40621DBF0836001BFC45 /* weexextend */ = {
			isa = PBXGroup;
			children = (
				041D40631DBF0836001BFC45 /* component */,
				041D40661DBF0836001BFC45 /* handler */,
				041D40691DBF0836001BFC45 /* module */,
				041D406C1DBF0836001BFC45 /* WeexExtend.h */,
				041D406D1DBF0836001BFC45 /* WeexExtend.m */,
				041D406E1DBF0836001BFC45 /* WXDemoViewController.h */,
				041D406F1DBF0836001BFC45 /* WXDemoViewController.m */,
			);
			name = weexextend;
			path = ../../../../../../../projects/comm/external/weex/weexextend;
			sourceTree = "<group>";
		};
		041D40631DBF0836001BFC45 /* component */ = {
			isa = PBXGroup;
			children = (
			);
			path = component;
			sourceTree = "<group>";
		};
		041D40661DBF0836001BFC45 /* handler */ = {
			isa = PBXGroup;
			children = (
				041D40671DBF0836001BFC45 /* WXImgLoaderDefaultImpl.h */,
				041D40681DBF0836001BFC45 /* WXImgLoaderDefaultImpl.m */,
			);
			path = handler;
			sourceTree = "<group>";
		};
		041D40691DBF0836001BFC45 /* module */ = {
			isa = PBXGroup;
			children = (
				041D406A1DBF0836001BFC45 /* WXEventModule.h */,
				041D406B1DBF0836001BFC45 /* WXEventModule.m */,
			);
			path = module;
			sourceTree = "<group>";
		};
		042A4BAB1CF72D2B008482FE /* NetWork */ = {
			isa = PBXGroup;
			children = (
				042A4BAC1CF72D2B008482FE /* Apigateway */,
				0448F5781D7937F900E4E844 /* ApiTest.h */,
				0448F5791D7937F900E4E844 /* ApiTest.m */,
			);
			name = NetWork;
			path = For_iPhone/NetWork;
			sourceTree = "<group>";
		};
		042A4BAC1CF72D2B008482FE /* Apigateway */ = {
			isa = PBXGroup;
			children = (
				042A4BAD1CF72D2B008482FE /* APIGateway.h */,
				042A4BAE1CF72D2B008482FE /* APIGateway.m */,
				042A4BAF1CF72D2B008482FE /* AliEncryption.h */,
				042A4BB01CF72D2B008482FE /* AliEncryption.m */,
				042A4BB11CF72D2B008482FE /* NSData+DTCrypto.h */,
				042A4BB21CF72D2B008482FE /* NSData+DTCrypto.m */,
			);
			path = Apigateway;
			sourceTree = "<group>";
		};
		04381EAC1CE2D0A4001EC0F5 /* Controllers */ = {
			isa = PBXGroup;
			children = (
				044C38091CE8CC49005B82BC /* Transitioning */,
				04381EB61CE31CAC001EC0F5 /* TabbarController */,
			);
			name = Controllers;
			sourceTree = "<group>";
		};
		04381EB61CE31CAC001EC0F5 /* TabbarController */ = {
			isa = PBXGroup;
			children = (
				04381EB71CE31CAC001EC0F5 /* TabbarSubNormalController.h */,
				04381EB81CE31CAC001EC0F5 /* TabbarSubNormalController.m */,
				04381EB91CE31CAC001EC0F5 /* TabbarBoard.h */,
				04381EBA1CE31CAC001EC0F5 /* TabbarBoard.m */,
				04381EBB1CE31CAC001EC0F5 /* TabbarSubController.h */,
				04381EBC1CE31CAC001EC0F5 /* TabbarSubController.m */,
			);
			name = TabbarController;
			path = For_iPhone/Controllers/TabbarController;
			sourceTree = "<group>";
		};
		0448F5711D78878000E4E844 /* Transitions */ = {
			isa = PBXGroup;
			children = (
				0448F5721D78879900E4E844 /* PushBoard.h */,
				0448F5731D78879900E4E844 /* PushBoard.m */,
			);
			name = Transitions;
			path = For_iPhone/Transitions;
			sourceTree = "<group>";
		};
		044C37DD1CE32FB1005B82BC /* Elements */ = {
			isa = PBXGroup;
			children = (
				044C37DE1CE32FF7005B82BC /* ButtonBoard.h */,
				044C37DF1CE32FF7005B82BC /* ButtonBoard.m */,
			);
			name = Elements;
			sourceTree = "<group>";
		};
		044C37ED1CE36280005B82BC /* ThirdPart */ = {
			isa = PBXGroup;
			children = (
				044C37EE1CE362B9005B82BC /* ThirdPartBoard.h */,
				044C37EF1CE362B9005B82BC /* ThirdPartBoard.m */,
			);
			name = ThirdPart;
			sourceTree = "<group>";
		};
		044C38091CE8CC49005B82BC /* Transitioning */ = {
			isa = PBXGroup;
			children = (
				044C38111CE8E366005B82BC /* TransitionControllers */,
				044C380A1CE8D601005B82BC /* BounceBlurTransitionAnimator.h */,
				044C380B1CE8D601005B82BC /* BounceBlurTransitionAnimator.m */,
			);
			name = Transitioning;
			sourceTree = "<group>";
		};
		044C38111CE8E366005B82BC /* TransitionControllers */ = {
			isa = PBXGroup;
			children = (
				044C38121CE8E366005B82BC /* BounceBlurController.h */,
				044C38131CE8E366005B82BC /* BounceBlurController.m */,
			);
			name = TransitionControllers;
			path = For_iPhone/Controllers/Transitioning/TransitionControllers;
			sourceTree = "<group>";
		};
		049B62B31CE1BE3B002F6DA2 /* Foundation */ = {
			isa = PBXGroup;
			children = (
				049B62B41CE1BE5F002F6DA2 /* SystemInfo.h */,
				049B62B51CE1BE5F002F6DA2 /* SystemInfo.m */,
				049B62B71CE1F568002F6DA2 /* Sandbox.h */,
				049B62B81CE1F568002F6DA2 /* Sandbox.m */,
			);
			name = Foundation;
			sourceTree = "<group>";
		};
		04F30EEA1C09D91800EEFAF1 = {
			isa = PBXGroup;
			children = (
				041D40591DBF06D2001BFC45 /* main.js */,
				041D405A1DBF06D2001BFC45 /* wx_load_error@3x.png */,
				04F30EF81C09D91800EEFAF1 /* EFDemo */,
				04F30EF51C09D91800EEFAF1 /* Frameworks */,
				04F30EF41C09D91800EEFAF1 /* Products */,
			);
			sourceTree = "<group>";
		};
		04F30EF41C09D91800EEFAF1 /* Products */ = {
			isa = PBXGroup;
			children = (
				04F30EF31C09D91800EEFAF1 /* EFDemo.app */,
			);
			name = Products;
			sourceTree = "<group>";
		};
		04F30EF51C09D91800EEFAF1 /* Frameworks */ = {
			isa = PBXGroup;
			children = (
				041D404F1DBF0647001BFC45 /* SocketRocket.framework */,
				041D40501DBF0648001BFC45 /* WeexSDK.framework */,
				044C37E21CE3441D005B82BC /* Realm.framework */,
				044C37E31CE3441D005B82BC /* SDAutoLayout.framework */,
				044C37E41CE3441D005B82BC /* SDWebImage.framework */,
				049B62981CE1B210002F6DA2 /* CocoaAsyncSocket.framework */,
				049B62991CE1B210002F6DA2 /* GPUImage.framework */,
				049B629A1CE1B210002F6DA2 /* JHChainableAnimations.framework */,
				049B629B1CE1B210002F6DA2 /* Masonry.framework */,
				049B629C1CE1B210002F6DA2 /* MJRefresh.framework */,
				049B629D1CE1B210002F6DA2 /* Ono.framework */,
				049B629E1CE1B210002F6DA2 /* UITableView_FDTemplateLayoutCell.framework */,
				049B629F1CE1B210002F6DA2 /* ZipArchive.framework */,
				049B62891CE1AF78002F6DA2 /* AFNetworking.framework */,
				049B628A1CE1AF78002F6DA2 /* EFWKLib.framework */,
				049B628B1CE1AF78002F6DA2 /* FMDB.framework */,
				049B628C1CE1AF78002F6DA2 /* MBProgressHUD.framework */,
				049B628D1CE1AF78002F6DA2 /* OpenUDID.framework */,
				04F311251C09F12300EEFAF1 /* libstdc++.6.0.9.tbd */,
				04F311231C09F11200EEFAF1 /* libstdc++.tbd */,
				04F311211C09F03400EEFAF1 /* CoreTelephony.framework */,
				04F30EF61C09D91800EEFAF1 /* AVFoundation.framework */,
			);
			name = Frameworks;
			sourceTree = "<group>";
		};
		04F30EF81C09D91800EEFAF1 /* EFDemo */ = {
			isa = PBXGroup;
			children = (
				041D40621DBF0836001BFC45 /* weexextend */,
				04F311271C09F46300EEFAF1 /* assets */,
				04F30EFC1C09D91800EEFAF1 /* AppDelegate.h */,
				04F30EFD1C09D91800EEFAF1 /* AppDelegate.m */,
				04F30EFF1C09D91800EEFAF1 /* Main.storyboard */,
				04F30F021C09D91800EEFAF1 /* Podfile */,
				04F30F081C09D91800EEFAF1 /* EFDemo-Prefix.pch */,
				04F30F1A1C09D91800EEFAF1 /* Assets.xcassets */,
				04F30F1C1C09D91800EEFAF1 /* LaunchScreen.storyboard */,
				04F30F1F1C09D91800EEFAF1 /* Info.plist */,
				04F30F041C09D91800EEFAF1 /* model */,
				04F30F0D1C09D91800EEFAF1 /* Frameworks */,
				04F30F161C09D91800EEFAF1 /* For_iPhone */,
				04F30EF91C09D91800EEFAF1 /* Supporting Files */,
			);
			path = EFDemo;
			sourceTree = "<group>";
		};
		04F30EF91C09D91800EEFAF1 /* Supporting Files */ = {
			isa = PBXGroup;
			children = (
				04F30EFA1C09D91800EEFAF1 /* main.m */,
			);
			name = "Supporting Files";
			sourceTree = "<group>";
		};
		04F30F041C09D91800EEFAF1 /* model */ = {
			isa = PBXGroup;
			children = (
				04F30F051C09D91800EEFAF1 /* ZXingBoard.h */,
				04F30F061C09D91800EEFAF1 /* ZXingBoard.m */,
				04F30F0A1C09D91800EEFAF1 /* UserCenter.h */,
				04F30F0B1C09D91800EEFAF1 /* UserCenter.m */,
			);
			name = model;
			sourceTree = "<group>";
		};
		04F30F0D1C09D91800EEFAF1 /* Frameworks */ = {
			isa = PBXGroup;
			children = (
				04F30F0E1C09D91800EEFAF1 /* libsqlite3.dylib */,
				04F30F101C09D91800EEFAF1 /* libz.dylib */,
				04F30F121C09D91800EEFAF1 /* libxml2.dylib */,
				04F30F141C09D91800EEFAF1 /* libc++.dylib */,
			);
			name = Frameworks;
			sourceTree = "<group>";
		};
		04F30F161C09D91800EEFAF1 /* For_iPhone */ = {
			isa = PBXGroup;
			children = (
				0448F5711D78878000E4E844 /* Transitions */,
				0400A3E11D2C0A730048FB3D /* UIEffect */,
				042A4BAB1CF72D2B008482FE /* NetWork */,
				044C37ED1CE36280005B82BC /* ThirdPart */,
				044C37DD1CE32FB1005B82BC /* Elements */,
				04381EAC1CE2D0A4001EC0F5 /* Controllers */,
				049B62B31CE1BE3B002F6DA2 /* Foundation */,
				04F30F171C09D91800EEFAF1 /* MainBoard.h */,
				04F30F181C09D91800EEFAF1 /* MainBoard.m */,
				049B62B01CE1B409002F6DA2 /* ListBoard.h */,
				049B62B11CE1B409002F6DA2 /* ListBoard.m */,
			);
			name = For_iPhone;
			sourceTree = "<group>";
		};
		04F311271C09F46300EEFAF1 /* assets */ = {
			isa = PBXGroup;
			children = (
				04F311281C09F46300EEFAF1 /* china.json */,
				04F311291C09F46300EEFAF1 /* china.plist */,
				04F3112A1C09F46300EEFAF1 /* cities.txt */,
				04F3112B1C09F46300EEFAF1 /* iOS7.jpg */,
				04F3112C1C09F46300EEFAF1 /* photoWeb.zip */,
				04F3112D1C09F46300EEFAF1 /* ping.caf */,
				04F3112E1C09F46300EEFAF1 /* provinces.txt */,
				04F3112F1C09F46300EEFAF1 /* REC006.wav */,
				04F311301C09F46300EEFAF1 /* test.caf */,
				04F311311C09F46300EEFAF1 /* weatherCode.txt */,
				04F311321C09F46300EEFAF1 /* 张敬轩 - 狐.wav */,
				04F311331C09F46300EEFAF1 /* 短信11.caf */,
			);
			path = assets;
			sourceTree = "<group>";
		};
/* End PBXGroup section */

/* Begin PBXNativeTarget section */
		04F30EF21C09D91800EEFAF1 /* EFDemo */ = {
			isa = PBXNativeTarget;
			buildConfigurationList = 04F30F221C09D91800EEFAF1 /* Build configuration list for PBXNativeTarget "EFDemo" */;
			buildPhases = (
				04F30EEF1C09D91800EEFAF1 /* Sources */,
				04F30EF01C09D91800EEFAF1 /* Frameworks */,
				04F30EF11C09D91800EEFAF1 /* Resources */,
				049B5FCC1CE03FCC002F6DA2 /* Embed Frameworks */,
			);
			buildRules = (
			);
			dependencies = (
			);
			name = EFDemo;
			productName = EFDemo;
			productReference = 04F30EF31C09D91800EEFAF1 /* EFDemo.app */;
			productType = "com.apple.product-type.application";
		};
/* End PBXNativeTarget section */

/* Begin PBXProject section */
		04F30EEB1C09D91800EEFAF1 /* Project object */ = {
			isa = PBXProject;
			attributes = {
				LastUpgradeCheck = 0710;
				ORGANIZATIONNAME = mac;
				TargetAttributes = {
					04F30EF21C09D91800EEFAF1 = {
						CreatedOnToolsVersion = 7.1;
						DevelopmentTeam = 4ZMHU4373F;
					};
				};
			};
			buildConfigurationList = 04F30EEE1C09D91800EEFAF1 /* Build configuration list for PBXProject "EFDemo" */;
			compatibilityVersion = "Xcode 3.2";
			developmentRegion = English;
			hasScannedForEncodings = 0;
			knownRegions = (
				en,
				Base,
				"zh-Hans",
			);
			mainGroup = 04F30EEA1C09D91800EEFAF1;
			productRefGroup = 04F30EF41C09D91800EEFAF1 /* Products */;
			projectDirPath = "";
			projectRoot = "";
			targets = (
				04F30EF21C09D91800EEFAF1 /* EFDemo */,
			);
		};
/* End PBXProject section */

/* Begin PBXResourcesBuildPhase section */
		04F30EF11C09D91800EEFAF1 /* Resources */ = {
			isa = PBXResourcesBuildPhase;
			buildActionMask = 2147483647;
			files = (
				04F3113F1C09F46300EEFAF1 /* 短信11.caf in Resources */,
				04F311351C09F46300EEFAF1 /* china.plist in Resources */,
				04F3113D1C09F46300EEFAF1 /* weatherCode.txt in Resources */,
				04F3113E1C09F46300EEFAF1 /* 张敬轩 - 狐.wav in Resources */,
				04F3113C1C09F46300EEFAF1 /* test.caf in Resources */,
				04F30F031C09D91800EEFAF1 /* Podfile in Resources */,
				04F3113B1C09F46300EEFAF1 /* REC006.wav in Resources */,
				04F311381C09F46300EEFAF1 /* photoWeb.zip in Resources */,
				04F30F091C09D91800EEFAF1 /* EFDemo-Prefix.pch in Resources */,
				04F311341C09F46300EEFAF1 /* china.json in Resources */,
				04F30F1B1C09D91800EEFAF1 /* Assets.xcassets in Resources */,
				04F311391C09F46300EEFAF1 /* ping.caf in Resources */,
				04F30F1E1C09D91800EEFAF1 /* LaunchScreen.storyboard in Resources */,
				04F311361C09F46300EEFAF1 /* cities.txt in Resources */,
				04F30F011C09D91800EEFAF1 /* Main.storyboard in Resources */,
				041D405B1DBF06D2001BFC45 /* main.js in Resources */,
				041D405C1DBF06D2001BFC45 /* wx_load_error@3x.png in Resources */,
				04F311371C09F46300EEFAF1 /* iOS7.jpg in Resources */,
				0400A3E81D2C0BB20048FB3D /* material_colors.xml in Resources */,
				04F3113A1C09F46300EEFAF1 /* provinces.txt in Resources */,
			);
			runOnlyForDeploymentPostprocessing = 0;
		};
/* End PBXResourcesBuildPhase section */

/* Begin PBXSourcesBuildPhase section */
		04F30EEF1C09D91800EEFAF1 /* Sources */ = {
			isa = PBXSourcesBuildPhase;
			buildActionMask = 2147483647;
			files = (
				0400A3E41D2C0A730048FB3D /* color.m in Sources */,
				041D40711DBF0836001BFC45 /* WXImgLoaderDefaultImpl.m in Sources */,
				044C37E01CE32FF7005B82BC /* ButtonBoard.m in Sources */,
				049B62B21CE1B409002F6DA2 /* ListBoard.m in Sources */,
				04F30EFE1C09D91800EEFAF1 /* AppDelegate.m in Sources */,
				041D40731DBF0836001BFC45 /* WeexExtend.m in Sources */,
				042A4BB81CF72D2B008482FE /* APIGateway.m in Sources */,
				041D40741DBF0836001BFC45 /* WXDemoViewController.m in Sources */,
				04381EBD1CE31CAC001EC0F5 /* TabbarSubNormalController.m in Sources */,
				0448F57A1D7937F900E4E844 /* ApiTest.m in Sources */,
				041D40721DBF0836001BFC45 /* WXEventModule.m in Sources */,
				04F30F071C09D91800EEFAF1 /* ZXingBoard.m in Sources */,
				049B62B91CE1F568002F6DA2 /* Sandbox.m in Sources */,
				04F30F191C09D91800EEFAF1 /* MainBoard.m in Sources */,
				04381EBF1CE31CAC001EC0F5 /* TabbarSubController.m in Sources */,
				0448F5741D78879900E4E844 /* PushBoard.m in Sources */,
				044C380C1CE8D601005B82BC /* BounceBlurTransitionAnimator.m in Sources */,
				049B62B61CE1BE5F002F6DA2 /* SystemInfo.m in Sources */,
				044C38141CE8E366005B82BC /* BounceBlurController.m in Sources */,
				04F30EFB1C09D91800EEFAF1 /* main.m in Sources */,
				042A4BBA1CF72D2B008482FE /* NSData+DTCrypto.m in Sources */,
				04381EBE1CE31CAC001EC0F5 /* TabbarBoard.m in Sources */,
				04F30F0C1C09D91800EEFAF1 /* UserCenter.m in Sources */,
				042A4BB91CF72D2B008482FE /* AliEncryption.m in Sources */,
				044C37F01CE362B9005B82BC /* ThirdPartBoard.m in Sources */,
			);
			runOnlyForDeploymentPostprocessing = 0;
		};
/* End PBXSourcesBuildPhase section */

/* Begin PBXVariantGroup section */
		04F30EFF1C09D91800EEFAF1 /* Main.storyboard */ = {
			isa = PBXVariantGroup;
			children = (
				04F30F001C09D91800EEFAF1 /* Base */,
			);
			name = Main.storyboard;
			sourceTree = "<group>";
		};
		04F30F1C1C09D91800EEFAF1 /* LaunchScreen.storyboard */ = {
			isa = PBXVariantGroup;
			children = (
				04F30F1D1C09D91800EEFAF1 /* Base */,
			);
			name = LaunchScreen.storyboard;
			sourceTree = "<group>";
		};
/* End PBXVariantGroup section */

/* Begin XCBuildConfiguration section */
		04F30F201C09D91800EEFAF1 /* Debug */ = {
			isa = XCBuildConfiguration;
			buildSettings = {
				ALWAYS_SEARCH_USER_PATHS = NO;
				CLANG_CXX_LANGUAGE_STANDARD = "gnu++0x";
				CLANG_CXX_LIBRARY = "libc++";
				CLANG_ENABLE_MODULES = YES;
				CLANG_ENABLE_OBJC_ARC = YES;
				CLANG_WARN_BOOL_CONVERSION = YES;
				CLANG_WARN_CONSTANT_CONVERSION = YES;
				CLANG_WARN_DIRECT_OBJC_ISA_USAGE = YES_ERROR;
				CLANG_WARN_EMPTY_BODY = YES;
				CLANG_WARN_ENUM_CONVERSION = YES;
				CLANG_WARN_INT_CONVERSION = YES;
				CLANG_WARN_OBJC_ROOT_CLASS = YES_ERROR;
				CLANG_WARN_UNREACHABLE_CODE = YES;
				CLANG_WARN__DUPLICATE_METHOD_MATCH = YES;
				"CODE_SIGN_IDENTITY[sdk=iphoneos*]" = "iPhone Developer";
				COPY_PHASE_STRIP = NO;
				DEBUG_INFORMATION_FORMAT = dwarf;
				ENABLE_STRICT_OBJC_MSGSEND = YES;
				ENABLE_TESTABILITY = YES;
				FRAMEWORK_SEARCH_PATHS = (
					"$(inherited)",
					"$(SRCROOT)/../../../comm/EFNew/EFWKLib/Frameworks/Public",
				);
				GCC_C_LANGUAGE_STANDARD = gnu99;
				GCC_DYNAMIC_NO_PIC = NO;
				GCC_NO_COMMON_BLOCKS = YES;
				GCC_OPTIMIZATION_LEVEL = 0;
				GCC_PREPROCESSOR_DEFINITIONS = (
					"DEBUG=1",
					"$(inherited)",
				);
				GCC_WARN_64_TO_32_BIT_CONVERSION = YES;
				GCC_WARN_ABOUT_RETURN_TYPE = YES_ERROR;
				GCC_WARN_UNDECLARED_SELECTOR = YES;
				GCC_WARN_UNINITIALIZED_AUTOS = YES_AGGRESSIVE;
				GCC_WARN_UNUSED_FUNCTION = YES;
				GCC_WARN_UNUSED_VARIABLE = YES;
				HEADER_SEARCH_PATHS = (
					"$(inherited)",
					"$(SRCROOT)/../../../comm/EFNew/EFWKLib/Frameworks/Public",
				);
				IPHONEOS_DEPLOYMENT_TARGET = 8.0;
				LIBRARY_SEARCH_PATHS = "$(inherited)";
				MTL_ENABLE_DEBUG_INFO = YES;
				ONLY_ACTIVE_ARCH = YES;
				SDKROOT = iphoneos;
			};
			name = Debug;
		};
		04F30F211C09D91800EEFAF1 /* Release */ = {
			isa = XCBuildConfiguration;
			buildSettings = {
				ALWAYS_SEARCH_USER_PATHS = NO;
				CLANG_CXX_LANGUAGE_STANDARD = "gnu++0x";
				CLANG_CXX_LIBRARY = "libc++";
				CLANG_ENABLE_MODULES = YES;
				CLANG_ENABLE_OBJC_ARC = YES;
				CLANG_WARN_BOOL_CONVERSION = YES;
				CLANG_WARN_CONSTANT_CONVERSION = YES;
				CLANG_WARN_DIRECT_OBJC_ISA_USAGE = YES_ERROR;
				CLANG_WARN_EMPTY_BODY = YES;
				CLANG_WARN_ENUM_CONVERSION = YES;
				CLANG_WARN_INT_CONVERSION = YES;
				CLANG_WARN_OBJC_ROOT_CLASS = YES_ERROR;
				CLANG_WARN_UNREACHABLE_CODE = YES;
				CLANG_WARN__DUPLICATE_METHOD_MATCH = YES;
				"CODE_SIGN_IDENTITY[sdk=iphoneos*]" = "iPhone Developer";
				COPY_PHASE_STRIP = NO;
				DEBUG_INFORMATION_FORMAT = "dwarf-with-dsym";
				ENABLE_NS_ASSERTIONS = NO;
				ENABLE_STRICT_OBJC_MSGSEND = YES;
				FRAMEWORK_SEARCH_PATHS = (
					"$(inherited)",
					"$(SRCROOT)/../../../comm/EFNew/EFWKLib/Frameworks/Public",
				);
				GCC_C_LANGUAGE_STANDARD = gnu99;
				GCC_NO_COMMON_BLOCKS = YES;
				GCC_WARN_64_TO_32_BIT_CONVERSION = YES;
				GCC_WARN_ABOUT_RETURN_TYPE = YES_ERROR;
				GCC_WARN_UNDECLARED_SELECTOR = YES;
				GCC_WARN_UNINITIALIZED_AUTOS = YES_AGGRESSIVE;
				GCC_WARN_UNUSED_FUNCTION = YES;
				GCC_WARN_UNUSED_VARIABLE = YES;
				HEADER_SEARCH_PATHS = (
					"$(inherited)",
					"$(SRCROOT)/../../../comm/EFNew/EFWKLib/Frameworks/Public",
				);
				IPHONEOS_DEPLOYMENT_TARGET = 8.0;
				LIBRARY_SEARCH_PATHS = "$(inherited)";
				MTL_ENABLE_DEBUG_INFO = NO;
				SDKROOT = iphoneos;
				VALIDATE_PRODUCT = YES;
			};
			name = Release;
		};
		04F30F231C09D91800EEFAF1 /* Debug */ = {
			isa = XCBuildConfiguration;
			buildSettings = {
				ASSETCATALOG_COMPILER_APPICON_NAME = AppIcon;
				CLANG_ALLOW_NON_MODULAR_INCLUDES_IN_FRAMEWORK_MODULES = YES;
				CODE_SIGN_IDENTITY = "iPhone Developer";
				DEVELOPMENT_TEAM = 4ZMHU4373F;
				ENABLE_BITCODE = NO;
				FRAMEWORK_SEARCH_PATHS = (
					"$(inherited)",
					"$(SRCROOT)/../../../comm/EF/Frameworks/Public",
				);
				GCC_PRECOMPILE_PREFIX_HEADER = YES;
				GCC_PREFIX_HEADER = "$(PROJECT_NAME)/$(PROJECT_NAME)-Prefix.pch";
				HEADER_SEARCH_PATHS = (
					"$(inherited)",
					"$(SRCROOT)/../../../comm/EF/Frameworks/Public",
				);
				INFOPLIST_FILE = EFDemo/Info.plist;
				LD_RUNPATH_SEARCH_PATHS = "$(inherited) @executable_path/Frameworks";
				LIBRARY_SEARCH_PATHS = "$(inherited)";
				PRODUCT_BUNDLE_IDENTIFIER = com.fortuentone.EFDemo;
				PRODUCT_NAME = "$(TARGET_NAME)";
			};
			name = Debug;
		};
		04F30F241C09D91800EEFAF1 /* Release */ = {
			isa = XCBuildConfiguration;
			buildSettings = {
				ASSETCATALOG_COMPILER_APPICON_NAME = AppIcon;
				CLANG_ALLOW_NON_MODULAR_INCLUDES_IN_FRAMEWORK_MODULES = YES;
				CODE_SIGN_IDENTITY = "iPhone Developer";
				DEVELOPMENT_TEAM = 4ZMHU4373F;
				ENABLE_BITCODE = NO;
				FRAMEWORK_SEARCH_PATHS = (
					"$(inherited)",
					"$(SRCROOT)/../../../comm/EF/Frameworks/Public",
				);
				GCC_PRECOMPILE_PREFIX_HEADER = YES;
				GCC_PREFIX_HEADER = "$(PROJECT_NAME)/$(PROJECT_NAME)-Prefix.pch";
				HEADER_SEARCH_PATHS = (
					"$(inherited)",
					"$(SRCROOT)/../../../comm/EF/Frameworks/Public",
				);
				INFOPLIST_FILE = EFDemo/Info.plist;
				LD_RUNPATH_SEARCH_PATHS = "$(inherited) @executable_path/Frameworks";
				LIBRARY_SEARCH_PATHS = "$(inherited)";
				PRODUCT_BUNDLE_IDENTIFIER = com.fortuentone.EFDemo;
				PRODUCT_NAME = "$(TARGET_NAME)";
			};
			name = Release;
		};
/* End XCBuildConfiguration section */

/* Begin XCConfigurationList section */
		04F30EEE1C09D91800EEFAF1 /* Build configuration list for PBXProject "EFDemo" */ = {
			isa = XCConfigurationList;
			buildConfigurations = (
				04F30F201C09D91800EEFAF1 /* Debug */,
				04F30F211C09D91800EEFAF1 /* Release */,
			);
			defaultConfigurationIsVisible = 0;
			defaultConfigurationName = Release;
		};
		04F30F221C09D91800EEFAF1 /* Build configuration list for PBXNativeTarget "EFDemo" */ = {
			isa = XCConfigurationList;
			buildConfigurations = (
				04F30F231C09D91800EEFAF1 /* Debug */,
				04F30F241C09D91800EEFAF1 /* Release */,
			);
			defaultConfigurationIsVisible = 0;
			defaultConfigurationName = Release;
		};
/* End XCConfigurationList section */
	};
	rootObject = 04F30EEB1C09D91800EEFAF1 /* Project object */;
}
